// !$*UTF8*$!
{
	archiveVersion = 1;
	classes = {
	};
	objectVersion = 55;
	objects = {

/* Begin PBXBuildFile section */
		A9733BEA27AD9F0B00936F6D /* Alamofire in Frameworks */ = {isa = PBXBuildFile; productRef = A9733BE927AD9F0B00936F6D /* Alamofire */; };
		A974D2D627AEDBD100776474 /* Account.swift in Sources */ = {isa = PBXBuildFile; fileRef = A974D2D527AEDBD100776474 /* Account.swift */; };
		A974D2D827AEDCCD00776474 /* DrinkKind.swift in Sources */ = {isa = PBXBuildFile; fileRef = A974D2D727AEDCCD00776474 /* DrinkKind.swift */; };
		A980FFB227B55B0900FD4A12 /* SnapKit in Frameworks */ = {isa = PBXBuildFile; productRef = A980FFB127B55B0900FD4A12 /* SnapKit */; };
		A98B33D827AD9BD200EFA685 /* AppDelegate.swift in Sources */ = {isa = PBXBuildFile; fileRef = A98B33D727AD9BD200EFA685 /* AppDelegate.swift */; };
		A98B33DA27AD9BD200EFA685 /* SceneDelegate.swift in Sources */ = {isa = PBXBuildFile; fileRef = A98B33D927AD9BD200EFA685 /* SceneDelegate.swift */; };
		A98B33DC27AD9BD200EFA685 /* ViewController.swift in Sources */ = {isa = PBXBuildFile; fileRef = A98B33DB27AD9BD200EFA685 /* ViewController.swift */; };
		A98B33E227AD9BD200EFA685 /* TheBean.xcdatamodeld in Sources */ = {isa = PBXBuildFile; fileRef = A98B33E027AD9BD200EFA685 /* TheBean.xcdatamodeld */; };
		A98B33F227AD9BD300EFA685 /* TheBeanTests.swift in Sources */ = {isa = PBXBuildFile; fileRef = A98B33F127AD9BD300EFA685 /* TheBeanTests.swift */; };
		A98B33FC27AD9BD300EFA685 /* TheBeanUITests.swift in Sources */ = {isa = PBXBuildFile; fileRef = A98B33FB27AD9BD300EFA685 /* TheBeanUITests.swift */; };
		A98B33FE27AD9BD300EFA685 /* TheBeanUITestsLaunchTests.swift in Sources */ = {isa = PBXBuildFile; fileRef = A98B33FD27AD9BD300EFA685 /* TheBeanUITestsLaunchTests.swift */; };
		A98B340D27AD9C7A00EFA685 /* Recipe.swift in Sources */ = {isa = PBXBuildFile; fileRef = A98B340B27AD9C7A00EFA685 /* Recipe.swift */; };
		A98B340E27AD9C7A00EFA685 /* APIModel.swift in Sources */ = {isa = PBXBuildFile; fileRef = A98B340C27AD9C7A00EFA685 /* APIModel.swift */; };
		A98B341F27AD9C9200EFA685 /* Assets.xcassets in Resources */ = {isa = PBXBuildFile; fileRef = A98B341427AD9C9200EFA685 /* Assets.xcassets */; };
		A98B342027AD9C9200EFA685 /* LaunchScreen.storyboard in Resources */ = {isa = PBXBuildFile; fileRef = A98B341527AD9C9200EFA685 /* LaunchScreen.storyboard */; };
		A98B342127AD9C9200EFA685 /* MainTabBarController.swift in Sources */ = {isa = PBXBuildFile; fileRef = A98B341727AD9C9200EFA685 /* MainTabBarController.swift */; };
		A98B342427AD9C9200EFA685 /* TimerViewController.swift in Sources */ = {isa = PBXBuildFile; fileRef = A98B341A27AD9C9200EFA685 /* TimerViewController.swift */; };
		A98B342527AD9C9200EFA685 /* RecipesViewController.swift in Sources */ = {isa = PBXBuildFile; fileRef = A98B341B27AD9C9200EFA685 /* RecipesViewController.swift */; };
		C70AE1F727B556820062DFF4 /* StatisticsViewController.swift in Sources */ = {isa = PBXBuildFile; fileRef = C70AE1F627B556820062DFF4 /* StatisticsViewController.swift */; };
		C78BAE9527B64AE800CEB291 /* UIViewControllerExtension.swift in Sources */ = {isa = PBXBuildFile; fileRef = C78BAE9427B64AE800CEB291 /* UIViewControllerExtension.swift */; };
/* End PBXBuildFile section */

/* Begin PBXContainerItemProxy section */
		A98B33EE27AD9BD300EFA685 /* PBXContainerItemProxy */ = {
			isa = PBXContainerItemProxy;
			containerPortal = A98B33CC27AD9BD200EFA685 /* Project object */;
			proxyType = 1;
			remoteGlobalIDString = A98B33D327AD9BD200EFA685;
			remoteInfo = TheBean;
		};
		A98B33F827AD9BD300EFA685 /* PBXContainerItemProxy */ = {
			isa = PBXContainerItemProxy;
			containerPortal = A98B33CC27AD9BD200EFA685 /* Project object */;
			proxyType = 1;
			remoteGlobalIDString = A98B33D327AD9BD200EFA685;
			remoteInfo = TheBean;
		};
/* End PBXContainerItemProxy section */

/* Begin PBXFileReference section */
		A974D2D527AEDBD100776474 /* Account.swift */ = {isa = PBXFileReference; lastKnownFileType = sourcecode.swift; path = Account.swift; sourceTree = "<group>"; };
		A974D2D727AEDCCD00776474 /* DrinkKind.swift */ = {isa = PBXFileReference; lastKnownFileType = sourcecode.swift; path = DrinkKind.swift; sourceTree = "<group>"; };
		A98B33D427AD9BD200EFA685 /* TheBean.app */ = {isa = PBXFileReference; explicitFileType = wrapper.application; includeInIndex = 0; path = TheBean.app; sourceTree = BUILT_PRODUCTS_DIR; };
		A98B33D727AD9BD200EFA685 /* AppDelegate.swift */ = {isa = PBXFileReference; lastKnownFileType = sourcecode.swift; path = AppDelegate.swift; sourceTree = "<group>"; };
		A98B33D927AD9BD200EFA685 /* SceneDelegate.swift */ = {isa = PBXFileReference; lastKnownFileType = sourcecode.swift; path = SceneDelegate.swift; sourceTree = "<group>"; };
		A98B33DB27AD9BD200EFA685 /* ViewController.swift */ = {isa = PBXFileReference; lastKnownFileType = sourcecode.swift; path = ViewController.swift; sourceTree = "<group>"; };
		A98B33E127AD9BD200EFA685 /* TheBean.xcdatamodel */ = {isa = PBXFileReference; lastKnownFileType = wrapper.xcdatamodel; path = TheBean.xcdatamodel; sourceTree = "<group>"; };
		A98B33E827AD9BD300EFA685 /* Info.plist */ = {isa = PBXFileReference; lastKnownFileType = text.plist.xml; path = Info.plist; sourceTree = "<group>"; };
		A98B33ED27AD9BD300EFA685 /* TheBeanTests.xctest */ = {isa = PBXFileReference; explicitFileType = wrapper.cfbundle; includeInIndex = 0; path = TheBeanTests.xctest; sourceTree = BUILT_PRODUCTS_DIR; };
		A98B33F127AD9BD300EFA685 /* TheBeanTests.swift */ = {isa = PBXFileReference; lastKnownFileType = sourcecode.swift; path = TheBeanTests.swift; sourceTree = "<group>"; };
		A98B33F727AD9BD300EFA685 /* TheBeanUITests.xctest */ = {isa = PBXFileReference; explicitFileType = wrapper.cfbundle; includeInIndex = 0; path = TheBeanUITests.xctest; sourceTree = BUILT_PRODUCTS_DIR; };
		A98B33FB27AD9BD300EFA685 /* TheBeanUITests.swift */ = {isa = PBXFileReference; lastKnownFileType = sourcecode.swift; path = TheBeanUITests.swift; sourceTree = "<group>"; };
		A98B33FD27AD9BD300EFA685 /* TheBeanUITestsLaunchTests.swift */ = {isa = PBXFileReference; lastKnownFileType = sourcecode.swift; path = TheBeanUITestsLaunchTests.swift; sourceTree = "<group>"; };
		A98B340B27AD9C7A00EFA685 /* Recipe.swift */ = {isa = PBXFileReference; fileEncoding = 4; lastKnownFileType = sourcecode.swift; path = Recipe.swift; sourceTree = "<group>"; };
		A98B340C27AD9C7A00EFA685 /* APIModel.swift */ = {isa = PBXFileReference; fileEncoding = 4; lastKnownFileType = sourcecode.swift; path = APIModel.swift; sourceTree = "<group>"; };
		A98B341427AD9C9200EFA685 /* Assets.xcassets */ = {isa = PBXFileReference; lastKnownFileType = folder.assetcatalog; path = Assets.xcassets; sourceTree = "<group>"; };
		A98B341627AD9C9200EFA685 /* Base */ = {isa = PBXFileReference; lastKnownFileType = file.storyboard; name = Base; path = Base.lproj/LaunchScreen.storyboard; sourceTree = "<group>"; };
		A98B341727AD9C9200EFA685 /* MainTabBarController.swift */ = {isa = PBXFileReference; fileEncoding = 4; lastKnownFileType = sourcecode.swift; path = MainTabBarController.swift; sourceTree = "<group>"; };
		A98B341A27AD9C9200EFA685 /* TimerViewController.swift */ = {isa = PBXFileReference; fileEncoding = 4; lastKnownFileType = sourcecode.swift; path = TimerViewController.swift; sourceTree = "<group>"; };
		A98B341B27AD9C9200EFA685 /* RecipesViewController.swift */ = {isa = PBXFileReference; fileEncoding = 4; lastKnownFileType = sourcecode.swift; path = RecipesViewController.swift; sourceTree = "<group>"; };
		C70AE1F627B556820062DFF4 /* StatisticsViewController.swift */ = {isa = PBXFileReference; lastKnownFileType = sourcecode.swift; path = StatisticsViewController.swift; sourceTree = "<group>"; };
		C78BAE9427B64AE800CEB291 /* UIViewControllerExtension.swift */ = {isa = PBXFileReference; lastKnownFileType = sourcecode.swift; path = UIViewControllerExtension.swift; sourceTree = "<group>"; };
/* End PBXFileReference section */

/* Begin PBXFrameworksBuildPhase section */
		A98B33D127AD9BD200EFA685 /* Frameworks */ = {
			isa = PBXFrameworksBuildPhase;
			buildActionMask = 2147483647;
			files = (
				A9733BEA27AD9F0B00936F6D /* Alamofire in Frameworks */,
				A980FFB227B55B0900FD4A12 /* SnapKit in Frameworks */,
			);
			runOnlyForDeploymentPostprocessing = 0;
		};
		A98B33EA27AD9BD300EFA685 /* Frameworks */ = {
			isa = PBXFrameworksBuildPhase;
			buildActionMask = 2147483647;
			files = (
			);
			runOnlyForDeploymentPostprocessing = 0;
		};
		A98B33F427AD9BD300EFA685 /* Frameworks */ = {
			isa = PBXFrameworksBuildPhase;
			buildActionMask = 2147483647;
			files = (
			);
			runOnlyForDeploymentPostprocessing = 0;
		};
/* End PBXFrameworksBuildPhase section */

/* Begin PBXGroup section */
		A974D2D427AEDBBE00776474 /* Account */ = {
			isa = PBXGroup;
			children = (
				A974D2D527AEDBD100776474 /* Account.swift */,
			);
			path = Account;
			sourceTree = "<group>";
		};
		A98B33CB27AD9BD200EFA685 = {
			isa = PBXGroup;
			children = (
				A98B33D627AD9BD200EFA685 /* TheBean */,
				A98B33F027AD9BD300EFA685 /* TheBeanTests */,
				A98B33FA27AD9BD300EFA685 /* TheBeanUITests */,
				A98B33D527AD9BD200EFA685 /* Products */,
			);
			sourceTree = "<group>";
		};
		A98B33D527AD9BD200EFA685 /* Products */ = {
			isa = PBXGroup;
			children = (
				A98B33D427AD9BD200EFA685 /* TheBean.app */,
				A98B33ED27AD9BD300EFA685 /* TheBeanTests.xctest */,
				A98B33F727AD9BD300EFA685 /* TheBeanUITests.xctest */,
			);
			name = Products;
			sourceTree = "<group>";
		};
		A98B33D627AD9BD200EFA685 /* TheBean */ = {
			isa = PBXGroup;
			children = (
				A98B33D727AD9BD200EFA685 /* AppDelegate.swift */,
				A98B33D927AD9BD200EFA685 /* SceneDelegate.swift */,
				A98B33DB27AD9BD200EFA685 /* ViewController.swift */,
				A98B33E827AD9BD300EFA685 /* Info.plist */,
				A98B33E027AD9BD200EFA685 /* TheBean.xcdatamodeld */,
				A98B340F27AD9C9200EFA685 /* UI */,
				A98B340A27AD9C7A00EFA685 /* Model */,
			);
			path = TheBean;
			sourceTree = "<group>";
		};
		A98B33F027AD9BD300EFA685 /* TheBeanTests */ = {
			isa = PBXGroup;
			children = (
				A98B33F127AD9BD300EFA685 /* TheBeanTests.swift */,
			);
			path = TheBeanTests;
			sourceTree = "<group>";
		};
		A98B33FA27AD9BD300EFA685 /* TheBeanUITests */ = {
			isa = PBXGroup;
			children = (
				A98B33FB27AD9BD300EFA685 /* TheBeanUITests.swift */,
				A98B33FD27AD9BD300EFA685 /* TheBeanUITestsLaunchTests.swift */,
			);
			path = TheBeanUITests;
			sourceTree = "<group>";
		};
		A98B340A27AD9C7A00EFA685 /* Model */ = {
			isa = PBXGroup;
			children = (
				A98B340B27AD9C7A00EFA685 /* Recipe.swift */,
				A98B340C27AD9C7A00EFA685 /* APIModel.swift */,
				A974D2D727AEDCCD00776474 /* DrinkKind.swift */,
				A974D2D427AEDBBE00776474 /* Account */,
			);
			path = Model;
			sourceTree = "<group>";
		};
		A98B340F27AD9C9200EFA685 /* UI */ = {
			isa = PBXGroup;
			children = (
				C78BAE9327B648D200CEB291 /* Extensions */,
				A98B341427AD9C9200EFA685 /* Assets.xcassets */,
				A98B341527AD9C9200EFA685 /* LaunchScreen.storyboard */,
				A98B341727AD9C9200EFA685 /* MainTabBarController.swift */,
				A98B341A27AD9C9200EFA685 /* TimerViewController.swift */,
				A98B341B27AD9C9200EFA685 /* RecipesViewController.swift */,
				C70AE1F627B556820062DFF4 /* StatisticsViewController.swift */,
			);
			path = UI;
			sourceTree = "<group>";
		};
		C78BAE9327B648D200CEB291 /* Extensions */ = {
			isa = PBXGroup;
			children = (
				C78BAE9427B64AE800CEB291 /* UIViewControllerExtension.swift */,
			);
			path = Extensions;
			sourceTree = "<group>";
		};
/* End PBXGroup section */

/* Begin PBXNativeTarget section */
		A98B33D327AD9BD200EFA685 /* TheBean */ = {
			isa = PBXNativeTarget;
			buildConfigurationList = A98B340127AD9BD300EFA685 /* Build configuration list for PBXNativeTarget "TheBean" */;
			buildPhases = (
				A98B33D027AD9BD200EFA685 /* Sources */,
				A98B33D127AD9BD200EFA685 /* Frameworks */,
				A98B33D227AD9BD200EFA685 /* Resources */,
			);
			buildRules = (
			);
			dependencies = (
			);
			name = TheBean;
			packageProductDependencies = (
				A9733BE927AD9F0B00936F6D /* Alamofire */,
				A980FFB127B55B0900FD4A12 /* SnapKit */,
			);
			productName = TheBean;
			productReference = A98B33D427AD9BD200EFA685 /* TheBean.app */;
			productType = "com.apple.product-type.application";
		};
		A98B33EC27AD9BD300EFA685 /* TheBeanTests */ = {
			isa = PBXNativeTarget;
			buildConfigurationList = A98B340427AD9BD300EFA685 /* Build configuration list for PBXNativeTarget "TheBeanTests" */;
			buildPhases = (
				A98B33E927AD9BD300EFA685 /* Sources */,
				A98B33EA27AD9BD300EFA685 /* Frameworks */,
				A98B33EB27AD9BD300EFA685 /* Resources */,
			);
			buildRules = (
			);
			dependencies = (
				A98B33EF27AD9BD300EFA685 /* PBXTargetDependency */,
			);
			name = TheBeanTests;
			productName = TheBeanTests;
			productReference = A98B33ED27AD9BD300EFA685 /* TheBeanTests.xctest */;
			productType = "com.apple.product-type.bundle.unit-test";
		};
		A98B33F627AD9BD300EFA685 /* TheBeanUITests */ = {
			isa = PBXNativeTarget;
			buildConfigurationList = A98B340727AD9BD300EFA685 /* Build configuration list for PBXNativeTarget "TheBeanUITests" */;
			buildPhases = (
				A98B33F327AD9BD300EFA685 /* Sources */,
				A98B33F427AD9BD300EFA685 /* Frameworks */,
				A98B33F527AD9BD300EFA685 /* Resources */,
			);
			buildRules = (
			);
			dependencies = (
				A98B33F927AD9BD300EFA685 /* PBXTargetDependency */,
			);
			name = TheBeanUITests;
			productName = TheBeanUITests;
			productReference = A98B33F727AD9BD300EFA685 /* TheBeanUITests.xctest */;
			productType = "com.apple.product-type.bundle.ui-testing";
		};
/* End PBXNativeTarget section */

/* Begin PBXProject section */
		A98B33CC27AD9BD200EFA685 /* Project object */ = {
			isa = PBXProject;
			attributes = {
				BuildIndependentTargetsInParallel = 1;
				LastSwiftUpdateCheck = 1320;
				LastUpgradeCheck = 1320;
				TargetAttributes = {
					A98B33D327AD9BD200EFA685 = {
						CreatedOnToolsVersion = 13.2.1;
					};
					A98B33EC27AD9BD300EFA685 = {
						CreatedOnToolsVersion = 13.2.1;
						TestTargetID = A98B33D327AD9BD200EFA685;
					};
					A98B33F627AD9BD300EFA685 = {
						CreatedOnToolsVersion = 13.2.1;
						TestTargetID = A98B33D327AD9BD200EFA685;
					};
				};
			};
			buildConfigurationList = A98B33CF27AD9BD200EFA685 /* Build configuration list for PBXProject "TheBean" */;
			compatibilityVersion = "Xcode 13.0";
			developmentRegion = en;
			hasScannedForEncodings = 0;
			knownRegions = (
				en,
				Base,
			);
			mainGroup = A98B33CB27AD9BD200EFA685;
			packageReferences = (
				A9733BE827AD9F0B00936F6D /* XCRemoteSwiftPackageReference "Alamofire" */,
				A980FFB027B55B0900FD4A12 /* XCRemoteSwiftPackageReference "SnapKit" */,
			);
			productRefGroup = A98B33D527AD9BD200EFA685 /* Products */;
			projectDirPath = "";
			projectRoot = "";
			targets = (
				A98B33D327AD9BD200EFA685 /* TheBean */,
				A98B33EC27AD9BD300EFA685 /* TheBeanTests */,
				A98B33F627AD9BD300EFA685 /* TheBeanUITests */,
			);
		};
/* End PBXProject section */

/* Begin PBXResourcesBuildPhase section */
		A98B33D227AD9BD200EFA685 /* Resources */ = {
			isa = PBXResourcesBuildPhase;
			buildActionMask = 2147483647;
			files = (
				A98B342027AD9C9200EFA685 /* LaunchScreen.storyboard in Resources */,
				A98B341F27AD9C9200EFA685 /* Assets.xcassets in Resources */,
			);
			runOnlyForDeploymentPostprocessing = 0;
		};
		A98B33EB27AD9BD300EFA685 /* Resources */ = {
			isa = PBXResourcesBuildPhase;
			buildActionMask = 2147483647;
			files = (
			);
			runOnlyForDeploymentPostprocessing = 0;
		};
		A98B33F527AD9BD300EFA685 /* Resources */ = {
			isa = PBXResourcesBuildPhase;
			buildActionMask = 2147483647;
			files = (
			);
			runOnlyForDeploymentPostprocessing = 0;
		};
/* End PBXResourcesBuildPhase section */

/* Begin PBXSourcesBuildPhase section */
		A98B33D027AD9BD200EFA685 /* Sources */ = {
			isa = PBXSourcesBuildPhase;
			buildActionMask = 2147483647;
			files = (
				A98B33DC27AD9BD200EFA685 /* ViewController.swift in Sources */,
				A974D2D827AEDCCD00776474 /* DrinkKind.swift in Sources */,
				A98B342127AD9C9200EFA685 /* MainTabBarController.swift in Sources */,
				A98B33D827AD9BD200EFA685 /* AppDelegate.swift in Sources */,
				A974D2D627AEDBD100776474 /* Account.swift in Sources */,
				A98B33DA27AD9BD200EFA685 /* SceneDelegate.swift in Sources */,
				A98B342527AD9C9200EFA685 /* RecipesViewController.swift in Sources */,
				A98B33E227AD9BD200EFA685 /* TheBean.xcdatamodeld in Sources */,
				A98B340E27AD9C7A00EFA685 /* APIModel.swift in Sources */,
				A98B342427AD9C9200EFA685 /* TimerViewController.swift in Sources */,
				C78BAE9527B64AE800CEB291 /* UIViewControllerExtension.swift in Sources */,
				A98B340D27AD9C7A00EFA685 /* Recipe.swift in Sources */,
				C70AE1F727B556820062DFF4 /* StatisticsViewController.swift in Sources */,
			);
			runOnlyForDeploymentPostprocessing = 0;
		};
		A98B33E927AD9BD300EFA685 /* Sources */ = {
			isa = PBXSourcesBuildPhase;
			buildActionMask = 2147483647;
			files = (
				A98B33F227AD9BD300EFA685 /* TheBeanTests.swift in Sources */,
			);
			runOnlyForDeploymentPostprocessing = 0;
		};
		A98B33F327AD9BD300EFA685 /* Sources */ = {
			isa = PBXSourcesBuildPhase;
			buildActionMask = 2147483647;
			files = (
				A98B33FE27AD9BD300EFA685 /* TheBeanUITestsLaunchTests.swift in Sources */,
				A98B33FC27AD9BD300EFA685 /* TheBeanUITests.swift in Sources */,
			);
			runOnlyForDeploymentPostprocessing = 0;
		};
/* End PBXSourcesBuildPhase section */

/* Begin PBXTargetDependency section */
		A98B33EF27AD9BD300EFA685 /* PBXTargetDependency */ = {
			isa = PBXTargetDependency;
			target = A98B33D327AD9BD200EFA685 /* TheBean */;
			targetProxy = A98B33EE27AD9BD300EFA685 /* PBXContainerItemProxy */;
		};
		A98B33F927AD9BD300EFA685 /* PBXTargetDependency */ = {
			isa = PBXTargetDependency;
			target = A98B33D327AD9BD200EFA685 /* TheBean */;
			targetProxy = A98B33F827AD9BD300EFA685 /* PBXContainerItemProxy */;
		};
/* End PBXTargetDependency section */

/* Begin PBXVariantGroup section */
		A98B341527AD9C9200EFA685 /* LaunchScreen.storyboard */ = {
			isa = PBXVariantGroup;
			children = (
				A98B341627AD9C9200EFA685 /* Base */,
			);
			name = LaunchScreen.storyboard;
			sourceTree = "<group>";
		};
/* End PBXVariantGroup section */

/* Begin XCBuildConfiguration section */
		A98B33FF27AD9BD300EFA685 /* Debug */ = {
			isa = XCBuildConfiguration;
			buildSettings = {
				ALWAYS_SEARCH_USER_PATHS = NO;
				CLANG_ANALYZER_NONNULL = YES;
				CLANG_ANALYZER_NUMBER_OBJECT_CONVERSION = YES_AGGRESSIVE;
				CLANG_CXX_LANGUAGE_STANDARD = "gnu++17";
				CLANG_CXX_LIBRARY = "libc++";
				CLANG_ENABLE_MODULES = YES;
				CLANG_ENABLE_OBJC_ARC = YES;
				CLANG_ENABLE_OBJC_WEAK = YES;
				CLANG_WARN_BLOCK_CAPTURE_AUTORELEASING = YES;
				CLANG_WARN_BOOL_CONVERSION = YES;
				CLANG_WARN_COMMA = YES;
				CLANG_WARN_CONSTANT_CONVERSION = YES;
				CLANG_WARN_DEPRECATED_OBJC_IMPLEMENTATIONS = YES;
				CLANG_WARN_DIRECT_OBJC_ISA_USAGE = YES_ERROR;
				CLANG_WARN_DOCUMENTATION_COMMENTS = YES;
				CLANG_WARN_EMPTY_BODY = YES;
				CLANG_WARN_ENUM_CONVERSION = YES;
				CLANG_WARN_INFINITE_RECURSION = YES;
				CLANG_WARN_INT_CONVERSION = YES;
				CLANG_WARN_NON_LITERAL_NULL_CONVERSION = YES;
				CLANG_WARN_OBJC_IMPLICIT_RETAIN_SELF = YES;
				CLANG_WARN_OBJC_LITERAL_CONVERSION = YES;
				CLANG_WARN_OBJC_ROOT_CLASS = YES_ERROR;
				CLANG_WARN_QUOTED_INCLUDE_IN_FRAMEWORK_HEADER = YES;
				CLANG_WARN_RANGE_LOOP_ANALYSIS = YES;
				CLANG_WARN_STRICT_PROTOTYPES = YES;
				CLANG_WARN_SUSPICIOUS_MOVE = YES;
				CLANG_WARN_UNGUARDED_AVAILABILITY = YES_AGGRESSIVE;
				CLANG_WARN_UNREACHABLE_CODE = YES;
				CLANG_WARN__DUPLICATE_METHOD_MATCH = YES;
				COPY_PHASE_STRIP = NO;
				DEBUG_INFORMATION_FORMAT = dwarf;
				ENABLE_STRICT_OBJC_MSGSEND = YES;
				ENABLE_TESTABILITY = YES;
				GCC_C_LANGUAGE_STANDARD = gnu11;
				GCC_DYNAMIC_NO_PIC = NO;
				GCC_NO_COMMON_BLOCKS = YES;
				GCC_OPTIMIZATION_LEVEL = 0;
				GCC_PREPROCESSOR_DEFINITIONS = (
					"DEBUG=1",
					"$(inherited)",
				);
				GCC_WARN_64_TO_32_BIT_CONVERSION = YES;
				GCC_WARN_ABOUT_RETURN_TYPE = YES_ERROR;
				GCC_WARN_UNDECLARED_SELECTOR = YES;
				GCC_WARN_UNINITIALIZED_AUTOS = YES_AGGRESSIVE;
				GCC_WARN_UNUSED_FUNCTION = YES;
				GCC_WARN_UNUSED_VARIABLE = YES;
				IPHONEOS_DEPLOYMENT_TARGET = 15.0;
				MTL_ENABLE_DEBUG_INFO = INCLUDE_SOURCE;
				MTL_FAST_MATH = YES;
				ONLY_ACTIVE_ARCH = YES;
				SDKROOT = iphoneos;
				SWIFT_ACTIVE_COMPILATION_CONDITIONS = DEBUG;
				SWIFT_OPTIMIZATION_LEVEL = "-Onone";
			};
			name = Debug;
		};
		A98B340027AD9BD300EFA685 /* Release */ = {
			isa = XCBuildConfiguration;
			buildSettings = {
				ALWAYS_SEARCH_USER_PATHS = NO;
				CLANG_ANALYZER_NONNULL = YES;
				CLANG_ANALYZER_NUMBER_OBJECT_CONVERSION = YES_AGGRESSIVE;
				CLANG_CXX_LANGUAGE_STANDARD = "gnu++17";
				CLANG_CXX_LIBRARY = "libc++";
				CLANG_ENABLE_MODULES = YES;
				CLANG_ENABLE_OBJC_ARC = YES;
				CLANG_ENABLE_OBJC_WEAK = YES;
				CLANG_WARN_BLOCK_CAPTURE_AUTORELEASING = YES;
				CLANG_WARN_BOOL_CONVERSION = YES;
				CLANG_WARN_COMMA = YES;
				CLANG_WARN_CONSTANT_CONVERSION = YES;
				CLANG_WARN_DEPRECATED_OBJC_IMPLEMENTATIONS = YES;
				CLANG_WARN_DIRECT_OBJC_ISA_USAGE = YES_ERROR;
				CLANG_WARN_DOCUMENTATION_COMMENTS = YES;
				CLANG_WARN_EMPTY_BODY = YES;
				CLANG_WARN_ENUM_CONVERSION = YES;
				CLANG_WARN_INFINITE_RECURSION = YES;
				CLANG_WARN_INT_CONVERSION = YES;
				CLANG_WARN_NON_LITERAL_NULL_CONVERSION = YES;
				CLANG_WARN_OBJC_IMPLICIT_RETAIN_SELF = YES;
				CLANG_WARN_OBJC_LITERAL_CONVERSION = YES;
				CLANG_WARN_OBJC_ROOT_CLASS = YES_ERROR;
				CLANG_WARN_QUOTED_INCLUDE_IN_FRAMEWORK_HEADER = YES;
				CLANG_WARN_RANGE_LOOP_ANALYSIS = YES;
				CLANG_WARN_STRICT_PROTOTYPES = YES;
				CLANG_WARN_SUSPICIOUS_MOVE = YES;
				CLANG_WARN_UNGUARDED_AVAILABILITY = YES_AGGRESSIVE;
				CLANG_WARN_UNREACHABLE_CODE = YES;
				CLANG_WARN__DUPLICATE_METHOD_MATCH = YES;
				COPY_PHASE_STRIP = NO;
				DEBUG_INFORMATION_FORMAT = "dwarf-with-dsym";
				ENABLE_NS_ASSERTIONS = NO;
				ENABLE_STRICT_OBJC_MSGSEND = YES;
				GCC_C_LANGUAGE_STANDARD = gnu11;
				GCC_NO_COMMON_BLOCKS = YES;
				GCC_WARN_64_TO_32_BIT_CONVERSION = YES;
				GCC_WARN_ABOUT_RETURN_TYPE = YES_ERROR;
				GCC_WARN_UNDECLARED_SELECTOR = YES;
				GCC_WARN_UNINITIALIZED_AUTOS = YES_AGGRESSIVE;
				GCC_WARN_UNUSED_FUNCTION = YES;
				GCC_WARN_UNUSED_VARIABLE = YES;
				IPHONEOS_DEPLOYMENT_TARGET = 15.0;
				MTL_ENABLE_DEBUG_INFO = NO;
				MTL_FAST_MATH = YES;
				SDKROOT = iphoneos;
				SWIFT_COMPILATION_MODE = wholemodule;
				SWIFT_OPTIMIZATION_LEVEL = "-O";
				VALIDATE_PRODUCT = YES;
			};
			name = Release;
		};
		A98B340227AD9BD300EFA685 /* Debug */ = {
			isa = XCBuildConfiguration;
			buildSettings = {
				ASSETCATALOG_COMPILER_APPICON_NAME = AppIcon;
				ASSETCATALOG_COMPILER_GLOBAL_ACCENT_COLOR_NAME = AccentColor;
				CODE_SIGN_STYLE = Automatic;
				CURRENT_PROJECT_VERSION = 1;
				DEVELOPMENT_TEAM = XHRWYM4T65;
				GENERATE_INFOPLIST_FILE = YES;
				INFOPLIST_FILE = TheBean/Info.plist;
				INFOPLIST_KEY_UIApplicationSupportsIndirectInputEvents = YES;
				INFOPLIST_KEY_UILaunchStoryboardName = LaunchScreen;
				INFOPLIST_KEY_UISupportedInterfaceOrientations = UIInterfaceOrientationPortrait;
				INFOPLIST_KEY_UISupportedInterfaceOrientations_iPad = "UIInterfaceOrientationPortrait UIInterfaceOrientationPortraitUpsideDown UIInterfaceOrientationLandscapeLeft UIInterfaceOrientationLandscapeRight";
				INFOPLIST_KEY_UISupportedInterfaceOrientations_iPhone = "UIInterfaceOrientationPortrait UIInterfaceOrientationLandscapeLeft UIInterfaceOrientationLandscapeRight";
				LD_RUNPATH_SEARCH_PATHS = (
					"$(inherited)",
					"@executable_path/Frameworks",
				);
				MARKETING_VERSION = 1.0;
				PRODUCT_BUNDLE_IDENTIFIER = heartsker.TheBean;
				PRODUCT_NAME = "$(TARGET_NAME)";
				SWIFT_EMIT_LOC_STRINGS = YES;
				SWIFT_VERSION = 5.0;
				TARGETED_DEVICE_FAMILY = "1,2";
			};
			name = Debug;
		};
		A98B340327AD9BD300EFA685 /* Release */ = {
			isa = XCBuildConfiguration;
			buildSettings = {
				ASSETCATALOG_COMPILER_APPICON_NAME = AppIcon;
				ASSETCATALOG_COMPILER_GLOBAL_ACCENT_COLOR_NAME = AccentColor;
				CODE_SIGN_STYLE = Automatic;
				CURRENT_PROJECT_VERSION = 1;
				DEVELOPMENT_TEAM = XHRWYM4T65;
				GENERATE_INFOPLIST_FILE = YES;
				INFOPLIST_FILE = TheBean/Info.plist;
				INFOPLIST_KEY_UIApplicationSupportsIndirectInputEvents = YES;
				INFOPLIST_KEY_UILaunchStoryboardName = LaunchScreen;
				INFOPLIST_KEY_UISupportedInterfaceOrientations = UIInterfaceOrientationPortrait;
				INFOPLIST_KEY_UISupportedInterfaceOrientations_iPad = "UIInterfaceOrientationPortrait UIInterfaceOrientationPortraitUpsideDown UIInterfaceOrientationLandscapeLeft UIInterfaceOrientationLandscapeRight";
				INFOPLIST_KEY_UISupportedInterfaceOrientations_iPhone = "UIInterfaceOrientationPortrait UIInterfaceOrientationLandscapeLeft UIInterfaceOrientationLandscapeRight";
				LD_RUNPATH_SEARCH_PATHS = (
					"$(inherited)",
					"@executable_path/Frameworks",
				);
				MARKETING_VERSION = 1.0;
				PRODUCT_BUNDLE_IDENTIFIER = heartsker.TheBean;
				PRODUCT_NAME = "$(TARGET_NAME)";
				SWIFT_EMIT_LOC_STRINGS = YES;
				SWIFT_VERSION = 5.0;
				TARGETED_DEVICE_FAMILY = "1,2";
			};
			name = Release;
		};
		A98B340527AD9BD300EFA685 /* Debug */ = {
			isa = XCBuildConfiguration;
			buildSettings = {
				ALWAYS_EMBED_SWIFT_STANDARD_LIBRARIES = YES;
				BUNDLE_LOADER = "$(TEST_HOST)";
				CODE_SIGN_STYLE = Automatic;
				CURRENT_PROJECT_VERSION = 1;
				DEVELOPMENT_TEAM = XHRWYM4T65;
				GENERATE_INFOPLIST_FILE = YES;
				IPHONEOS_DEPLOYMENT_TARGET = 15.2;
				MARKETING_VERSION = 1.0;
				PRODUCT_BUNDLE_IDENTIFIER = heartsker.TheBeanTests;
				PRODUCT_NAME = "$(TARGET_NAME)";
				SWIFT_EMIT_LOC_STRINGS = NO;
				SWIFT_VERSION = 5.0;
				TARGETED_DEVICE_FAMILY = "1,2";
				TEST_HOST = "$(BUILT_PRODUCTS_DIR)/TheBean.app/TheBean";
			};
			name = Debug;
		};
		A98B340627AD9BD300EFA685 /* Release */ = {
			isa = XCBuildConfiguration;
			buildSettings = {
				ALWAYS_EMBED_SWIFT_STANDARD_LIBRARIES = YES;
				BUNDLE_LOADER = "$(TEST_HOST)";
				CODE_SIGN_STYLE = Automatic;
				CURRENT_PROJECT_VERSION = 1;
				DEVELOPMENT_TEAM = XHRWYM4T65;
				GENERATE_INFOPLIST_FILE = YES;
				IPHONEOS_DEPLOYMENT_TARGET = 15.2;
				MARKETING_VERSION = 1.0;
				PRODUCT_BUNDLE_IDENTIFIER = heartsker.TheBeanTests;
				PRODUCT_NAME = "$(TARGET_NAME)";
				SWIFT_EMIT_LOC_STRINGS = NO;
				SWIFT_VERSION = 5.0;
				TARGETED_DEVICE_FAMILY = "1,2";
				TEST_HOST = "$(BUILT_PRODUCTS_DIR)/TheBean.app/TheBean";
			};
			name = Release;
		};
		A98B340827AD9BD300EFA685 /* Debug */ = {
			isa = XCBuildConfiguration;
			buildSettings = {
				ALWAYS_EMBED_SWIFT_STANDARD_LIBRARIES = YES;
				CODE_SIGN_STYLE = Automatic;
				CURRENT_PROJECT_VERSION = 1;
				DEVELOPMENT_TEAM = XHRWYM4T65;
				GENERATE_INFOPLIST_FILE = YES;
				MARKETING_VERSION = 1.0;
				PRODUCT_BUNDLE_IDENTIFIER = heartsker.TheBeanUITests;
				PRODUCT_NAME = "$(TARGET_NAME)";
				SWIFT_EMIT_LOC_STRINGS = NO;
				SWIFT_VERSION = 5.0;
				TARGETED_DEVICE_FAMILY = "1,2";
				TEST_TARGET_NAME = TheBean;
			};
			name = Debug;
		};
		A98B340927AD9BD300EFA685 /* Release */ = {
			isa = XCBuildConfiguration;
			buildSettings = {
				ALWAYS_EMBED_SWIFT_STANDARD_LIBRARIES = YES;
				CODE_SIGN_STYLE = Automatic;
				CURRENT_PROJECT_VERSION = 1;
				DEVELOPMENT_TEAM = XHRWYM4T65;
				GENERATE_INFOPLIST_FILE = YES;
				MARKETING_VERSION = 1.0;
				PRODUCT_BUNDLE_IDENTIFIER = heartsker.TheBeanUITests;
				PRODUCT_NAME = "$(TARGET_NAME)";
				SWIFT_EMIT_LOC_STRINGS = NO;
				SWIFT_VERSION = 5.0;
				TARGETED_DEVICE_FAMILY = "1,2";
				TEST_TARGET_NAME = TheBean;
			};
			name = Release;
		};
/* End XCBuildConfiguration section */

/* Begin XCConfigurationList section */
		A98B33CF27AD9BD200EFA685 /* Build configuration list for PBXProject "TheBean" */ = {
			isa = XCConfigurationList;
			buildConfigurations = (
				A98B33FF27AD9BD300EFA685 /* Debug */,
				A98B340027AD9BD300EFA685 /* Release */,
			);
			defaultConfigurationIsVisible = 0;
			defaultConfigurationName = Release;
		};
		A98B340127AD9BD300EFA685 /* Build configuration list for PBXNativeTarget "TheBean" */ = {
			isa = XCConfigurationList;
			buildConfigurations = (
				A98B340227AD9BD300EFA685 /* Debug */,
				A98B340327AD9BD300EFA685 /* Release */,
			);
			defaultConfigurationIsVisible = 0;
			defaultConfigurationName = Release;
		};
		A98B340427AD9BD300EFA685 /* Build configuration list for PBXNativeTarget "TheBeanTests" */ = {
			isa = XCConfigurationList;
			buildConfigurations = (
				A98B340527AD9BD300EFA685 /* Debug */,
				A98B340627AD9BD300EFA685 /* Release */,
			);
			defaultConfigurationIsVisible = 0;
			defaultConfigurationName = Release;
		};
		A98B340727AD9BD300EFA685 /* Build configuration list for PBXNativeTarget "TheBeanUITests" */ = {
			isa = XCConfigurationList;
			buildConfigurations = (
				A98B340827AD9BD300EFA685 /* Debug */,
				A98B340927AD9BD300EFA685 /* Release */,
			);
			defaultConfigurationIsVisible = 0;
			defaultConfigurationName = Release;
		};
/* End XCConfigurationList section */

/* Begin XCRemoteSwiftPackageReference section */
		A9733BE827AD9F0B00936F6D /* XCRemoteSwiftPackageReference "Alamofire" */ = {
			isa = XCRemoteSwiftPackageReference;
			repositoryURL = "https://github.com/Alamofire/Alamofire.git";
			requirement = {
				kind = upToNextMinorVersion;
				minimumVersion = 5.5.0;
			};
		};
		A980FFB027B55B0900FD4A12 /* XCRemoteSwiftPackageReference "SnapKit" */ = {
			isa = XCRemoteSwiftPackageReference;
			repositoryURL = "https://github.com/SnapKit/SnapKit.git";
			requirement = {
				kind = upToNextMinorVersion;
				minimumVersion = 5.0.0;
			};
		};
/* End XCRemoteSwiftPackageReference section */

/* Begin XCSwiftPackageProductDependency section */
		A9733BE927AD9F0B00936F6D /* Alamofire */ = {
			isa = XCSwiftPackageProductDependency;
			package = A9733BE827AD9F0B00936F6D /* XCRemoteSwiftPackageReference "Alamofire" */;
			productName = Alamofire;
		};
		A980FFB127B55B0900FD4A12 /* SnapKit */ = {
			isa = XCSwiftPackageProductDependency;
			package = A980FFB027B55B0900FD4A12 /* XCRemoteSwiftPackageReference "SnapKit" */;
			productName = SnapKit;
		};
/* End XCSwiftPackageProductDependency section */

/* Begin XCVersionGroup section */
		A98B33E027AD9BD200EFA685 /* TheBean.xcdatamodeld */ = {
			isa = XCVersionGroup;
			children = (
				A98B33E127AD9BD200EFA685 /* TheBean.xcdatamodel */,
			);
			currentVersion = A98B33E127AD9BD200EFA685 /* TheBean.xcdatamodel */;
			path = TheBean.xcdatamodeld;
			sourceTree = "<group>";
			versionGroupType = wrapper.xcdatamodel;
		};
/* End XCVersionGroup section */
	};
	rootObject = A98B33CC27AD9BD200EFA685 /* Project object */;
}
